{
  "name": "covid_stats",
  "version": "0.1.0",
  "lockfileVersion": 1,
  "requires": true,
  "dependencies": {
    "bs-fetch": {
      "version": "0.6.1",
      "resolved": "https://registry.npmjs.org/bs-fetch/-/bs-fetch-0.6.1.tgz",
      "integrity": "sha512-meXUuqTu6quq0X7dW7DmxW8RGiKiONW3n1A9wgXx0KcWHSZuq/PA6C1NoByDiUA5VeE8tYGZ7YXh/uVAl+8pDQ=="
    },
    "bs-platform": {
      "version": "8.1.1",
      "resolved": "https://registry.npmjs.org/bs-platform/-/bs-platform-8.1.1.tgz",
      "integrity": "sha512-33wDWYteJQIhEfEpayvXK8eS2TdMtzQHFZMoMjDEY+NB2vTKWQFGoggOrJ4c7fvRzvQ2igwmc7idrxgMz39Qog==",
      "dev": true
    },
    "bs-webapi": {
      "version": "0.17.1",
      "resolved": "https://registry.npmjs.org/bs-webapi/-/bs-webapi-0.17.1.tgz",
      "integrity": "sha512-vM61ubFvJbZyNVRTZpKNLOSMxggHW+2BVtYNMAGgecCToythRiwweFc0/3MCei1k7gZRNbLRwotifS8RyCmZDA=="
    }
  }
}
